{
    "name": "isomorphic-danmaku",
    "version": "0.0.7",
    "lockfileVersion": 1,
    "requires": true,
    "dependencies": {
        "@peculiar/asn1-schema": {
            "version": "2.0.27",
            "resolved": "https://registry.npmjs.org/@peculiar/asn1-schema/-/asn1-schema-2.0.27.tgz",
            "integrity": "sha512-1tIx7iL3Ma3HtnNS93nB7nhyI0soUJypElj9owd4tpMrRDmeJ8eZubsdq1sb0KSaCs5RqZNoABCP6m5WtnlVhQ==",
            "requires": {
                "@types/asn1js": "^2.0.0",
                "asn1js": "^2.0.26",
                "pvtsutils": "^1.1.1",
                "tslib": "^2.0.3"
            }
        },
        "@peculiar/json-schema": {
            "version": "1.1.12",
            "resolved": "https://registry.npmjs.org/@peculiar/json-schema/-/json-schema-1.1.12.tgz",
            "integrity": "sha512-coUfuoMeIB7B8/NMekxaDzLhaYmp0HZNPEjYRm9goRou8UZIC3z21s0sL9AWoCw4EG876QyO3kYrc61WNF9B/w==",
            "requires": {
                "tslib": "^2.0.0"
            }
        },
        "@peculiar/webcrypto": {
            "version": "1.1.4",
            "resolved": "https://registry.npmjs.org/@peculiar/webcrypto/-/webcrypto-1.1.4.tgz",
            "integrity": "sha512-gEVxfbseFDV0Za3AmjTrRB+wigEMOejHDzoo571e8/YWD33Ejmk0XPF3+G+VaN8+5C5IWZx4CPvxQZ7mF2dvNA==",
            "requires": {
                "@peculiar/asn1-schema": "^2.0.26",
                "@peculiar/json-schema": "^1.1.12",
                "pvtsutils": "^1.1.1",
                "tslib": "^2.0.3",
                "webcrypto-core": "^1.1.8"
            }
        },
        "@protobufjs/aspromise": {
            "version": "1.1.2",
            "resolved": "https://registry.npm.taobao.org/@protobufjs/aspromise/download/@protobufjs/aspromise-1.1.2.tgz",
            "integrity": "sha1-m4sMxmPWaafY9vXQiToU00jzD78="
        },
        "@protobufjs/base64": {
            "version": "1.1.2",
            "resolved": "https://registry.npm.taobao.org/@protobufjs/base64/download/@protobufjs/base64-1.1.2.tgz",
            "integrity": "sha1-TIVzDlm5ofHzSQR9vyQpYDS7JzU="
        },
        "@protobufjs/codegen": {
            "version": "2.0.4",
            "resolved": "https://registry.npm.taobao.org/@protobufjs/codegen/download/@protobufjs/codegen-2.0.4.tgz",
            "integrity": "sha1-fvN/DQEPsCitGtWXIuUG2SYoFcs="
        },
        "@protobufjs/eventemitter": {
            "version": "1.1.0",
            "resolved": "https://registry.npm.taobao.org/@protobufjs/eventemitter/download/@protobufjs/eventemitter-1.1.0.tgz",
            "integrity": "sha1-NVy8mLr61ZePntCV85diHx0Ga3A="
        },
        "@protobufjs/fetch": {
            "version": "1.1.0",
            "resolved": "https://registry.npm.taobao.org/@protobufjs/fetch/download/@protobufjs/fetch-1.1.0.tgz",
            "integrity": "sha1-upn7WYYUr2VwDBYZ/wbUVLDYTEU=",
            "requires": {
                "@protobufjs/aspromise": "^1.1.1",
                "@protobufjs/inquire": "^1.1.0"
            }
        },
        "@protobufjs/float": {
            "version": "1.0.2",
            "resolved": "https://registry.npm.taobao.org/@protobufjs/float/download/@protobufjs/float-1.0.2.tgz",
            "integrity": "sha1-Xp4avctz/Ap8uLKR33jIy9l7h9E="
        },
        "@protobufjs/inquire": {
            "version": "1.1.0",
            "resolved": "https://registry.npm.taobao.org/@protobufjs/inquire/download/@protobufjs/inquire-1.1.0.tgz",
            "integrity": "sha1-/yAOPnzyQp4tyvwRQIKOjMY48Ik="
        },
        "@protobufjs/path": {
            "version": "1.1.2",
            "resolved": "https://registry.npm.taobao.org/@protobufjs/path/download/@protobufjs/path-1.1.2.tgz",
            "integrity": "sha1-bMKyDFya1q0NzP0hynZz2Nf79o0="
        },
        "@protobufjs/pool": {
            "version": "1.1.0",
            "resolved": "https://registry.npm.taobao.org/@protobufjs/pool/download/@protobufjs/pool-1.1.0.tgz",
            "integrity": "sha1-Cf0V8tbTq/qbZbw2ZQbWrXhG/1Q="
        },
        "@protobufjs/utf8": {
            "version": "1.1.0",
            "resolved": "https://registry.npm.taobao.org/@protobufjs/utf8/download/@protobufjs/utf8-1.1.0.tgz",
            "integrity": "sha1-p3c2C1s5oaLlEG+OhY8v0tBgxXA="
        },
        "@sindresorhus/is": {
            "version": "4.0.0",
            "resolved": "https://registry.npm.taobao.org/@sindresorhus/is/download/@sindresorhus/is-4.0.0.tgz?cache=0&sync_timestamp=1602540879975&other_urls=https%3A%2F%2Fregistry.npm.taobao.org%2F%40sindresorhus%2Fis%2Fdownload%2F%40sindresorhus%2Fis-4.0.0.tgz",
            "integrity": "sha1-L/Z06WEbRbUoiW2CDT16gS3i8OQ="
        },
        "@szmarczak/http-timer": {
            "version": "4.0.5",
            "resolved": "https://registry.npm.taobao.org/@szmarczak/http-timer/download/@szmarczak/http-timer-4.0.5.tgz",
            "integrity": "sha1-v71QIR6d+lG6B9pYoUzf0zMgUVI=",
            "requires": {
                "defer-to-connect": "^2.0.0"
            }
        },
        "@types/asn1js": {
            "version": "2.0.0",
            "resolved": "https://registry.npmjs.org/@types/asn1js/-/asn1js-2.0.0.tgz",
            "integrity": "sha512-Jjzp5EqU0hNpADctc/UqhiFbY1y2MqIxBVa2S4dBlbnZHTLPMuggoL5q43X63LpsOIINRDirBjP56DUUKIUWIA=="
        },
        "@types/cacheable-request": {
            "version": "6.0.1",
            "resolved": "https://registry.npm.taobao.org/@types/cacheable-request/download/@types/cacheable-request-6.0.1.tgz",
            "integrity": "sha1-XSLz3e0f06hMC761A5p0GcLJGXY=",
            "requires": {
                "@types/http-cache-semantics": "*",
                "@types/keyv": "*",
                "@types/node": "*",
                "@types/responselike": "*"
            }
        },
        "@types/http-cache-semantics": {
            "version": "4.0.0",
            "resolved": "https://registry.npm.taobao.org/@types/http-cache-semantics/download/@types/http-cache-semantics-4.0.0.tgz",
            "integrity": "sha1-kUB3lzaqJlVjXudW4kZ9eHz+iio="
        },
        "@types/keyv": {
            "version": "3.1.1",
            "resolved": "https://registry.npm.taobao.org/@types/keyv/download/@types/keyv-3.1.1.tgz?cache=0&sync_timestamp=1605054911559&other_urls=https%3A%2F%2Fregistry.npm.taobao.org%2F%40types%2Fkeyv%2Fdownload%2F%40types%2Fkeyv-3.1.1.tgz",
            "integrity": "sha1-5FpFMk/KnatxarEjDuJJyftSz6c=",
            "requires": {
                "@types/node": "*"
            }
        },
        "@types/long": {
            "version": "4.0.1",
            "resolved": "https://registry.npm.taobao.org/@types/long/download/@types/long-4.0.1.tgz?cache=0&sync_timestamp=1605054885692&other_urls=https%3A%2F%2Fregistry.npm.taobao.org%2F%40types%2Flong%2Fdownload%2F%40types%2Flong-4.0.1.tgz",
            "integrity": "sha1-RZxl+hhn2v5qjzIsTFFpVmPMVek="
        },
        "@types/node": {
            "version": "14.14.10",
            "resolved": "https://registry.npm.taobao.org/@types/node/download/@types/node-14.14.10.tgz?cache=0&sync_timestamp=1606764776703&other_urls=https%3A%2F%2Fregistry.npm.taobao.org%2F%40types%2Fnode%2Fdownload%2F%40types%2Fnode-14.14.10.tgz",
            "integrity": "sha1-WVioLkGGPPxx8jB7N0jjSRugN4U="
        },
        "@types/pako": {
            "version": "1.0.1",
            "resolved": "https://registry.npm.taobao.org/@types/pako/download/@types/pako-1.0.1.tgz?cache=0&sync_timestamp=1605054895745&other_urls=https%3A%2F%2Fregistry.npm.taobao.org%2F%40types%2Fpako%2Fdownload%2F%40types%2Fpako-1.0.1.tgz",
            "integrity": "sha1-M7I388mv9E0Pgv5jrP+ko2XvSmE=",
            "dev": true
        },
        "@types/responselike": {
            "version": "1.0.0",
            "resolved": "https://registry.npm.taobao.org/@types/responselike/download/@types/responselike-1.0.0.tgz",
            "integrity": "sha1-JR9P59FU0rrRJavhtCmyOv0mLik=",
            "requires": {
                "@types/node": "*"
            }
        },
        "@types/tough-cookie": {
            "version": "4.0.0",
            "resolved": "https://registry.npm.taobao.org/@types/tough-cookie/download/@types/tough-cookie-4.0.0.tgz",
            "integrity": "sha1-/vGQTkZotuXs7mDFLMageP+maX0=",
            "dev": true
        },
        "@types/ws": {
            "version": "7.4.0",
            "resolved": "https://registry.npm.taobao.org/@types/ws/download/@types/ws-7.4.0.tgz?cache=0&other_urls=https%3A%2F%2Fregistry.npm.taobao.org%2F%40types%2Fws%2Fdownload%2F%40types%2Fws-7.4.0.tgz",
            "integrity": "sha1-SZaQ6ghzbgWoGGET2sN3aaslGg4=",
            "dev": true,
            "requires": {
                "@types/node": "*"
            }
        },
        "asn1js": {
            "version": "2.0.26",
            "resolved": "https://registry.npmjs.org/asn1js/-/asn1js-2.0.26.tgz",
            "integrity": "sha512-yG89F0j9B4B0MKIcFyWWxnpZPLaNTjCj4tkE3fjbAoo0qmpGw0PYYqSbX/4ebnd9Icn8ZgK4K1fvDyEtW1JYtQ==",
            "requires": {
                "pvutils": "^1.0.17"
            }
        },
        "cacheable-lookup": {
            "version": "5.0.3",
            "resolved": "https://registry.npm.taobao.org/cacheable-lookup/download/cacheable-lookup-5.0.3.tgz",
            "integrity": "sha1-BJ/cWd/91PwoXo9PgpNlkb1Z/sM="
        },
        "cacheable-request": {
            "version": "7.0.1",
            "resolved": "https://registry.npm.taobao.org/cacheable-request/download/cacheable-request-7.0.1.tgz",
            "integrity": "sha1-BiAxwoViMngu1pSiV/o12pOUKlg=",
            "requires": {
                "clone-response": "^1.0.2",
                "get-stream": "^5.1.0",
                "http-cache-semantics": "^4.0.0",
                "keyv": "^4.0.0",
                "lowercase-keys": "^2.0.0",
                "normalize-url": "^4.1.0",
                "responselike": "^2.0.0"
            }
        },
        "clone-response": {
            "version": "1.0.2",
            "resolved": "https://registry.npm.taobao.org/clone-response/download/clone-response-1.0.2.tgz",
            "integrity": "sha1-0dyXOSAxTfZ/vrlCI7TuNQI56Ws=",
            "requires": {
                "mimic-response": "^1.0.0"
            }
        },
        "commander": {
            "version": "6.2.1",
            "resolved": "https://registry.npmjs.org/commander/-/commander-6.2.1.tgz",
            "integrity": "sha512-U7VdrJFnJgo4xjrHpTzu0yrHPGImdsmD95ZlgYSEajAn2JKzDhDTPG9kBTefmObL2w/ngeZnilk+OV9CG3d7UA==",
            "dev": true
        },
        "decompress-response": {
            "version": "6.0.0",
            "resolved": "https://registry.npm.taobao.org/decompress-response/download/decompress-response-6.0.0.tgz?cache=0&sync_timestamp=1589512313618&other_urls=https%3A%2F%2Fregistry.npm.taobao.org%2Fdecompress-response%2Fdownload%2Fdecompress-response-6.0.0.tgz",
            "integrity": "sha1-yjh2Et234QS9FthaqwDV7PCcZvw=",
            "requires": {
                "mimic-response": "^3.1.0"
            },
            "dependencies": {
                "mimic-response": {
                    "version": "3.1.0",
                    "resolved": "https://registry.npm.taobao.org/mimic-response/download/mimic-response-3.1.0.tgz",
                    "integrity": "sha1-LR1Zr5wbEpgVrMwsRqAipc4fo8k="
                }
            }
        },
        "defer-to-connect": {
            "version": "2.0.0",
            "resolved": "https://registry.npm.taobao.org/defer-to-connect/download/defer-to-connect-2.0.0.tgz",
            "integrity": "sha1-g9axmdsEFZOshNeBtSIjCMz0wsE="
        },
        "end-of-stream": {
            "version": "1.4.4",
            "resolved": "https://registry.npm.taobao.org/end-of-stream/download/end-of-stream-1.4.4.tgz",
            "integrity": "sha1-WuZKX0UFe682JuwU2gyl5LJDHrA=",
            "requires": {
                "once": "^1.4.0"
            }
        },
        "get-stream": {
            "version": "5.2.0",
            "resolved": "https://registry.npm.taobao.org/get-stream/download/get-stream-5.2.0.tgz?cache=0&sync_timestamp=1597056474057&other_urls=https%3A%2F%2Fregistry.npm.taobao.org%2Fget-stream%2Fdownload%2Fget-stream-5.2.0.tgz",
            "integrity": "sha1-SWaheV7lrOZecGxLe+txJX1uItM=",
            "requires": {
                "pump": "^3.0.0"
            }
        },
        "got": {
            "version": "11.8.0",
            "resolved": "https://registry.npm.taobao.org/got/download/got-11.8.0.tgz",
            "integrity": "sha1-vgkgw1hrB/2UrdO1snyyj0nmVF8=",
            "requires": {
                "@sindresorhus/is": "^4.0.0",
                "@szmarczak/http-timer": "^4.0.5",
                "@types/cacheable-request": "^6.0.1",
                "@types/responselike": "^1.0.0",
                "cacheable-lookup": "^5.0.3",
                "cacheable-request": "^7.0.1",
                "decompress-response": "^6.0.0",
                "http2-wrapper": "^1.0.0-beta.5.2",
                "lowercase-keys": "^2.0.0",
                "p-cancelable": "^2.0.0",
                "responselike": "^2.0.0"
            }
        },
        "http-cache-semantics": {
            "version": "4.1.0",
            "resolved": "https://registry.npm.taobao.org/http-cache-semantics/download/http-cache-semantics-4.1.0.tgz?cache=0&sync_timestamp=1583107049902&other_urls=https%3A%2F%2Fregistry.npm.taobao.org%2Fhttp-cache-semantics%2Fdownload%2Fhttp-cache-semantics-4.1.0.tgz",
            "integrity": "sha1-SekcXL82yblLz81xwj1SSex045A="
        },
        "http2-wrapper": {
            "version": "1.0.0-beta.5.2",
            "resolved": "https://registry.npm.taobao.org/http2-wrapper/download/http2-wrapper-1.0.0-beta.5.2.tgz",
            "integrity": "sha1-i5I965AUSuplz4NLAWo0D8mFVvM=",
            "requires": {
                "quick-lru": "^5.1.1",
                "resolve-alpn": "^1.0.0"
            }
        },
        "isomorphic-ws": {
            "version": "4.0.1",
            "resolved": "https://registry.npm.taobao.org/isomorphic-ws/download/isomorphic-ws-4.0.1.tgz",
            "integrity": "sha1-Vf1M1sXmSR523BJZON2GP1zU8tw="
        },
        "json-buffer": {
            "version": "3.0.1",
            "resolved": "https://registry.npm.taobao.org/json-buffer/download/json-buffer-3.0.1.tgz",
            "integrity": "sha1-kziAKjDTtmBfvgYT4JQAjKjAWhM="
        },
        "keyv": {
            "version": "4.0.3",
            "resolved": "https://registry.npm.taobao.org/keyv/download/keyv-4.0.3.tgz?cache=0&sync_timestamp=1600337464891&other_urls=https%3A%2F%2Fregistry.npm.taobao.org%2Fkeyv%2Fdownload%2Fkeyv-4.0.3.tgz",
            "integrity": "sha1-TzqpjeJUgDyvzSiWc0EI2qNeQlQ=",
            "requires": {
                "json-buffer": "3.0.1"
            }
        },
        "long": {
            "version": "4.0.0",
            "resolved": "https://registry.npm.taobao.org/long/download/long-4.0.0.tgz",
            "integrity": "sha1-mntxz7fTYaGU6lVSQckvdGjVvyg="
        },
        "lowercase-keys": {
            "version": "2.0.0",
            "resolved": "https://registry.npm.taobao.org/lowercase-keys/download/lowercase-keys-2.0.0.tgz",
            "integrity": "sha1-JgPni3tLAAbLyi+8yKMgJVislHk="
        },
        "mimic-response": {
            "version": "1.0.1",
            "resolved": "https://registry.npm.taobao.org/mimic-response/download/mimic-response-1.0.1.tgz",
            "integrity": "sha1-SSNTiHju9CBjy4o+OweYeBSHqxs="
        },
        "normalize-url": {
            "version": "4.5.0",
            "resolved": "https://registry.npm.taobao.org/normalize-url/download/normalize-url-4.5.0.tgz",
            "integrity": "sha1-RTNUCH5sqWlXvY9br3U/WYIUISk="
        },
        "once": {
            "version": "1.4.0",
            "resolved": "https://registry.npm.taobao.org/once/download/once-1.4.0.tgz",
            "integrity": "sha1-WDsap3WWHUsROsF9nFC6753Xa9E=",
            "requires": {
                "wrappy": "1"
            }
        },
        "p-cancelable": {
            "version": "2.0.0",
            "resolved": "https://registry.npm.taobao.org/p-cancelable/download/p-cancelable-2.0.0.tgz",
            "integrity": "sha1-SjdA9b2vXtXXw+NIgsb7XWsmam4="
        },
        "pako": {
            "version": "2.0.2",
            "resolved": "https://registry.npm.taobao.org/pako/download/pako-2.0.2.tgz",
            "integrity": "sha1-inKvepNDHvIqqX4NU7CsqjxokiA="
        },
        "protobufjs": {
            "version": "6.10.2",
            "resolved": "https://registry.npm.taobao.org/protobufjs/download/protobufjs-6.10.2.tgz?cache=0&sync_timestamp=1605561414696&other_urls=https%3A%2F%2Fregistry.npm.taobao.org%2Fprotobufjs%2Fdownload%2Fprotobufjs-6.10.2.tgz",
            "integrity": "sha1-uctr2OyPh1FFkro/39KOk/M6Rps=",
            "requires": {
                "@protobufjs/aspromise": "^1.1.2",
                "@protobufjs/base64": "^1.1.2",
                "@protobufjs/codegen": "^2.0.4",
                "@protobufjs/eventemitter": "^1.1.0",
                "@protobufjs/fetch": "^1.1.0",
                "@protobufjs/float": "^1.0.2",
                "@protobufjs/inquire": "^1.1.0",
                "@protobufjs/path": "^1.1.2",
                "@protobufjs/pool": "^1.1.0",
                "@protobufjs/utf8": "^1.1.0",
                "@types/long": "^4.0.1",
                "@types/node": "^13.7.0",
                "long": "^4.0.0"
            },
            "dependencies": {
                "@types/node": {
                    "version": "13.13.34",
                    "resolved": "https://registry.npm.taobao.org/@types/node/download/@types/node-13.13.34.tgz?cache=0&sync_timestamp=1606764776703&other_urls=https%3A%2F%2Fregistry.npm.taobao.org%2F%40types%2Fnode%2Fdownload%2F%40types%2Fnode-13.13.34.tgz",
                    "integrity": "sha1-yTAKG2Vg2QgX+yu6ZQ4lARaldfk="
                }
            }
        },
        "psl": {
            "version": "1.8.0",
            "resolved": "https://registry.npm.taobao.org/psl/download/psl-1.8.0.tgz?cache=0&sync_timestamp=1585142991033&other_urls=https%3A%2F%2Fregistry.npm.taobao.org%2Fpsl%2Fdownload%2Fpsl-1.8.0.tgz",
            "integrity": "sha1-kyb4vPsBOtzABf3/BWrM4CDlHCQ="
        },
        "pump": {
            "version": "3.0.0",
            "resolved": "https://registry.npm.taobao.org/pump/download/pump-3.0.0.tgz",
            "integrity": "sha1-tKIRaBW94vTh6mAjVOjHVWUQemQ=",
            "requires": {
                "end-of-stream": "^1.1.0",
                "once": "^1.3.1"
            }
        },
        "punycode": {
            "version": "2.1.1",
            "resolved": "https://registry.npm.taobao.org/punycode/download/punycode-2.1.1.tgz",
            "integrity": "sha1-tYsBCsQMIsVldhbI0sLALHv0eew="
        },
        "pvtsutils": {
            "version": "1.1.1",
            "resolved": "https://registry.npmjs.org/pvtsutils/-/pvtsutils-1.1.1.tgz",
            "integrity": "sha512-Evbhe6L4Sxwu4SPLQ4LQZhgfWDQO3qa1lju9jM5cxsQp8vE10VipcSmo7hiJW48TmiHgVLgDtC2TL6/+ND+IVg==",
            "requires": {
                "tslib": "^2.0.3"
            }
        },
        "pvutils": {
            "version": "1.0.17",
            "resolved": "https://registry.npmjs.org/pvutils/-/pvutils-1.0.17.tgz",
            "integrity": "sha512-wLHYUQxWaXVQvKnwIDWFVKDJku9XDCvyhhxoq8dc5MFdIlRenyPI9eSfEtcvgHgD7FlvCyGAlWgOzRnZD99GZQ=="
        },
        "quick-lru": {
            "version": "5.1.1",
            "resolved": "https://registry.npm.taobao.org/quick-lru/download/quick-lru-5.1.1.tgz",
            "integrity": "sha1-NmST5rPkKjpoheLpnRj4D7eoyTI="
        },
        "resolve-alpn": {
            "version": "1.0.0",
            "resolved": "https://registry.npm.taobao.org/resolve-alpn/download/resolve-alpn-1.0.0.tgz",
            "integrity": "sha1-dFrWCz1q/0tKSOAbjAvccJWeDow="
        },
        "responselike": {
            "version": "2.0.0",
            "resolved": "https://registry.npm.taobao.org/responselike/download/responselike-2.0.0.tgz",
            "integrity": "sha1-JjkbzDF091D5p56sxAoSpcQtdyM=",
            "requires": {
                "lowercase-keys": "^2.0.0"
            }
        },
        "tough-cookie": {
            "version": "4.0.0",
            "resolved": "https://registry.npm.taobao.org/tough-cookie/download/tough-cookie-4.0.0.tgz",
            "integrity": "sha1-2CIjTuyogvmR8PkIgkrSYi3b7OQ=",
            "requires": {
                "psl": "^1.1.33",
                "punycode": "^2.1.1",
                "universalify": "^0.1.2"
            }
        },
        "tslib": {
            "version": "2.0.3",
            "resolved": "https://registry.npmjs.org/tslib/-/tslib-2.0.3.tgz",
            "integrity": "sha512-uZtkfKblCEQtZKBF6EBXVZeQNl82yqtDQdv+eck8u7tdPxjLu2/lp5/uPW+um2tpuxINHWy3GhiccY7QgEaVHQ=="
        },
        "typescript": {
            "version": "4.1.2",
            "resolved": "https://registry.npm.taobao.org/typescript/download/typescript-4.1.2.tgz",
            "integrity": "sha1-Y2nvIlFv5eEDBKrlpcSGLbVTgOk=",
            "dev": true
        },
        "universalify": {
            "version": "0.1.2",
            "resolved": "https://registry.npm.taobao.org/universalify/download/universalify-0.1.2.tgz?cache=0&sync_timestamp=1603180048005&other_urls=https%3A%2F%2Fregistry.npm.taobao.org%2Funiversalify%2Fdownload%2Funiversalify-0.1.2.tgz",
            "integrity": "sha1-tkb2m+OULavOzJ1mOcgNwQXvqmY="
        },
        "webcrypto-core": {
            "version": "1.1.8",
            "resolved": "https://registry.npmjs.org/webcrypto-core/-/webcrypto-core-1.1.8.tgz",
            "integrity": "sha512-hKnFXsqh0VloojNeTfrwFoRM4MnaWzH6vtXcaFcGjPEu+8HmBdQZnps3/2ikOFqS8bJN1RYr6mI2P/FJzyZnXg==",
            "requires": {
                "@peculiar/asn1-schema": "^2.0.12",
                "@peculiar/json-schema": "^1.1.12",
                "asn1js": "^2.0.26",
                "pvtsutils": "^1.0.11",
                "tslib": "^2.0.1"
            }
        },
        "wrappy": {
            "version": "1.0.2",
            "resolved": "https://registry.npm.taobao.org/wrappy/download/wrappy-1.0.2.tgz",
            "integrity": "sha1-tSQ9jz7BqjXxNkYFvA0QNuMKtp8="
        },
        "ws": {
            "version": "7.4.1",
            "resolved": "https://registry.npm.taobao.org/ws/download/ws-7.4.1.tgz?cache=0&sync_timestamp=1607113032627&other_urls=https%3A%2F%2Fregistry.npm.taobao.org%2Fws%2Fdownload%2Fws-7.4.1.tgz",
            "integrity": "sha1-ozO+Amlr0OVM6gQ04h3MiprClLs="
        }
    }
}
